
Microsoft Visual Studio Solution File, Format Version 12.00
# Visual Studio 2013
VisualStudioVersion = 12.0.21005.1
MinimumVisualStudioVersion = 10.0.40219.1
Project("{FAE04EC0-301F-11D3-BF4B-00C04F79EFBC}") = "Tri", "Tri\Tri.csproj", "{FDED72A2-6ECC-48A1-90E2-4D801ECA5EAA}"
EndProject
Project("{FAE04EC0-301F-11D3-BF4B-00C04F79EFBC}") = "UnitTestTriangle", "UnitTestTriangle\UnitTestTriangle.csproj", "{C425E43E-9B6D-49FE-B2F6-57D275E3A17E}"
EndProject
Global
	GlobalSection(SolutionConfigurationPlatforms) = preSolution
		Debug|Any CPU = Debug|Any CPU
		Release|Any CPU = Release|Any CPU
	EndGlobalSection
	GlobalSection(ProjectConfigurationPlatforms) = postSolution
		{FDED72A2-6ECC-48A1-90E2-4D801ECA5EAA}.Debug|Any CPU.ActiveCfg = Debug|Any CPU
		{FDED72A2-6ECC-48A1-90E2-4D801ECA5EAA}.Debug|Any CPU.Build.0 = Debug|Any CPU
		{FDED72A2-6ECC-48A1-90E2-4D801ECA5EAA}.Release|Any CPU.ActiveCfg = Release|Any CPU
		{FDED72A2-6ECC-48A1-90E2-4D801ECA5EAA}.Release|Any CPU.Build.0 = Release|Any CPU
		{C425E43E-9B6D-49FE-B2F6-57D275E3A17E}.Debug|Any CPU.ActiveCfg = Debug|Any CPU
		{C425E43E-9B6D-49FE-B2F6-57D275E3A17E}.Debug|Any CPU.Build.0 = Debug|Any CPU
		{C425E43E-9B6D-49FE-B2F6-57D275E3A17E}.Release|Any CPU.ActiveCfg = Release|Any CPU
		{C425E43E-9B6D-49FE-B2F6-57D275E3A17E}.Release|Any CPU.Build.0 = Release|Any CPU
	EndGlobalSection
	GlobalSection(SolutionProperties) = preSolution
		HideSolutionNode = FALSE
	EndGlobalSection
EndGlobal
